
Microsoft Visual Studio Solution File, Format Version 12.00
# Visual Studio 2013
VisualStudioVersion = 12.0.21005.1
MinimumVisualStudioVersion = 10.0.40219.1
Project("{FAE04EC0-301F-11D3-BF4B-00C04F79EFBC}") = "App3-sqlite", "App3-sqlite\App3-sqlite\App3-sqlite.csproj", "{DB298D2C-AA6F-4453-A923-8FDA2CB31579}"
EndProject
Project("{FAE04EC0-301F-11D3-BF4B-00C04F79EFBC}") = "App3-sqlite.iOS", "App3-sqlite\App3-sqlite.iOS\App3-sqlite.iOS.csproj", "{D49D34DF-E4DE-41E2-B6C1-6123467AC46E}"
EndProject
Project("{FAE04EC0-301F-11D3-BF4B-00C04F79EFBC}") = "App3-sqlite.Droid", "App3-sqlite\App3-sqlite.Droid\App3-sqlite.Droid.csproj", "{7839FC23-FDBC-40CB-BFBB-42130C1CB428}"
EndProject
Project("{FAE04EC0-301F-11D3-BF4B-00C04F79EFBC}") = "App3-DataLayer", "App3-DataLayer\App3-DataLayer.csproj", "{67F9D3A8-F71E-4428-913F-C37AE82CDB24}"
EndProject
Project("{FAE04EC0-301F-11D3-BF4B-00C04F79EFBC}") = "App3-Model", "App3-Model\App3-Model.csproj", "{F5E9D448-5F23-49F6-9A66-A845B29EEA90}"
EndProject
Global
	GlobalSection(SolutionConfigurationPlatforms) = preSolution
		Ad-Hoc|Any CPU = Ad-Hoc|Any CPU
		Ad-Hoc|iPhone = Ad-Hoc|iPhone
		Ad-Hoc|iPhoneSimulator = Ad-Hoc|iPhoneSimulator
		Ad-Hoc|Mixed Platforms = Ad-Hoc|Mixed Platforms
		AppStore|Any CPU = AppStore|Any CPU
		AppStore|iPhone = AppStore|iPhone
		AppStore|iPhoneSimulator = AppStore|iPhoneSimulator
		AppStore|Mixed Platforms = AppStore|Mixed Platforms
		Debug|Any CPU = Debug|Any CPU
		Debug|iPhone = Debug|iPhone
		Debug|iPhoneSimulator = Debug|iPhoneSimulator
		Debug|Mixed Platforms = Debug|Mixed Platforms
		Release|Any CPU = Release|Any CPU
		Release|iPhone = Release|iPhone
		Release|iPhoneSimulator = Release|iPhoneSimulator
		Release|Mixed Platforms = Release|Mixed Platforms
	EndGlobalSection
	GlobalSection(ProjectConfigurationPlatforms) = postSolution
		{DB298D2C-AA6F-4453-A923-8FDA2CB31579}.Ad-Hoc|Any CPU.ActiveCfg = Release|Any CPU
		{DB298D2C-AA6F-4453-A923-8FDA2CB31579}.Ad-Hoc|Any CPU.Build.0 = Release|Any CPU
		{DB298D2C-AA6F-4453-A923-8FDA2CB31579}.Ad-Hoc|iPhone.ActiveCfg = Release|Any CPU
		{DB298D2C-AA6F-4453-A923-8FDA2CB31579}.Ad-Hoc|iPhoneSimulator.ActiveCfg = Release|Any CPU
		{DB298D2C-AA6F-4453-A923-8FDA2CB31579}.Ad-Hoc|Mixed Platforms.ActiveCfg = Release|Any CPU
		{DB298D2C-AA6F-4453-A923-8FDA2CB31579}.Ad-Hoc|Mixed Platforms.Build.0 = Release|Any CPU
		{DB298D2C-AA6F-4453-A923-8FDA2CB31579}.AppStore|Any CPU.ActiveCfg = Release|Any CPU
		{DB298D2C-AA6F-4453-A923-8FDA2CB31579}.AppStore|Any CPU.Build.0 = Release|Any CPU
		{DB298D2C-AA6F-4453-A923-8FDA2CB31579}.AppStore|iPhone.ActiveCfg = Release|Any CPU
		{DB298D2C-AA6F-4453-A923-8FDA2CB31579}.AppStore|iPhoneSimulator.ActiveCfg = Release|Any CPU
		{DB298D2C-AA6F-4453-A923-8FDA2CB31579}.AppStore|Mixed Platforms.ActiveCfg = Release|Any CPU
		{DB298D2C-AA6F-4453-A923-8FDA2CB31579}.AppStore|Mixed Platforms.Build.0 = Release|Any CPU
		{DB298D2C-AA6F-4453-A923-8FDA2CB31579}.Debug|Any CPU.ActiveCfg = Debug|Any CPU
		{DB298D2C-AA6F-4453-A923-8FDA2CB31579}.Debug|Any CPU.Build.0 = Debug|Any CPU
		{DB298D2C-AA6F-4453-A923-8FDA2CB31579}.Debug|iPhone.ActiveCfg = Debug|Any CPU
		{DB298D2C-AA6F-4453-A923-8FDA2CB31579}.Debug|iPhoneSimulator.ActiveCfg = Debug|Any CPU
		{DB298D2C-AA6F-4453-A923-8FDA2CB31579}.Debug|Mixed Platforms.ActiveCfg = Debug|Any CPU
		{DB298D2C-AA6F-4453-A923-8FDA2CB31579}.Debug|Mixed Platforms.Build.0 = Debug|Any CPU
		{DB298D2C-AA6F-4453-A923-8FDA2CB31579}.Release|Any CPU.ActiveCfg = Release|Any CPU
		{DB298D2C-AA6F-4453-A923-8FDA2CB31579}.Release|Any CPU.Build.0 = Release|Any CPU
		{DB298D2C-AA6F-4453-A923-8FDA2CB31579}.Release|iPhone.ActiveCfg = Release|Any CPU
		{DB298D2C-AA6F-4453-A923-8FDA2CB31579}.Release|iPhoneSimulator.ActiveCfg = Release|Any CPU
		{DB298D2C-AA6F-4453-A923-8FDA2CB31579}.Release|Mixed Platforms.ActiveCfg = Release|Any CPU
		{DB298D2C-AA6F-4453-A923-8FDA2CB31579}.Release|Mixed Platforms.Build.0 = Release|Any CPU
		{D49D34DF-E4DE-41E2-B6C1-6123467AC46E}.Ad-Hoc|Any CPU.ActiveCfg = Ad-Hoc|iPhone
		{D49D34DF-E4DE-41E2-B6C1-6123467AC46E}.Ad-Hoc|iPhone.ActiveCfg = Ad-Hoc|iPhone
		{D49D34DF-E4DE-41E2-B6C1-6123467AC46E}.Ad-Hoc|iPhone.Build.0 = Ad-Hoc|iPhone
		{D49D34DF-E4DE-41E2-B6C1-6123467AC46E}.Ad-Hoc|iPhoneSimulator.ActiveCfg = Ad-Hoc|iPhoneSimulator
		{D49D34DF-E4DE-41E2-B6C1-6123467AC46E}.Ad-Hoc|iPhoneSimulator.Build.0 = Ad-Hoc|iPhoneSimulator
		{D49D34DF-E4DE-41E2-B6C1-6123467AC46E}.Ad-Hoc|Mixed Platforms.ActiveCfg = Ad-Hoc|iPhone
		{D49D34DF-E4DE-41E2-B6C1-6123467AC46E}.Ad-Hoc|Mixed Platforms.Build.0 = Ad-Hoc|iPhone
		{D49D34DF-E4DE-41E2-B6C1-6123467AC46E}.AppStore|Any CPU.ActiveCfg = AppStore|iPhone
		{D49D34DF-E4DE-41E2-B6C1-6123467AC46E}.AppStore|iPhone.ActiveCfg = AppStore|iPhone
		{D49D34DF-E4DE-41E2-B6C1-6123467AC46E}.AppStore|iPhone.Build.0 = AppStore|iPhone
		{D49D34DF-E4DE-41E2-B6C1-6123467AC46E}.AppStore|iPhoneSimulator.ActiveCfg = AppStore|iPhoneSimulator
		{D49D34DF-E4DE-41E2-B6C1-6123467AC46E}.AppStore|iPhoneSimulator.Build.0 = AppStore|iPhoneSimulator
		{D49D34DF-E4DE-41E2-B6C1-6123467AC46E}.AppStore|Mixed Platforms.ActiveCfg = AppStore|iPhone
		{D49D34DF-E4DE-41E2-B6C1-6123467AC46E}.AppStore|Mixed Platforms.Build.0 = AppStore|iPhone
		{D49D34DF-E4DE-41E2-B6C1-6123467AC46E}.Debug|Any CPU.ActiveCfg = Debug|iPhone
		{D49D34DF-E4DE-41E2-B6C1-6123467AC46E}.Debug|iPhone.ActiveCfg = Debug|iPhone
		{D49D34DF-E4DE-41E2-B6C1-6123467AC46E}.Debug|iPhone.Build.0 = Debug|iPhone
		{D49D34DF-E4DE-41E2-B6C1-6123467AC46E}.Debug|iPhoneSimulator.ActiveCfg = Debug|iPhoneSimulator
		{D49D34DF-E4DE-41E2-B6C1-6123467AC46E}.Debug|iPhoneSimulator.Build.0 = Debug|iPhoneSimulator
		{D49D34DF-E4DE-41E2-B6C1-6123467AC46E}.Debug|Mixed Platforms.ActiveCfg = Debug|iPhone
		{D49D34DF-E4DE-41E2-B6C1-6123467AC46E}.Debug|Mixed Platforms.Build.0 = Debug|iPhone
		{D49D34DF-E4DE-41E2-B6C1-6123467AC46E}.Release|Any CPU.ActiveCfg = Release|iPhone
		{D49D34DF-E4DE-41E2-B6C1-6123467AC46E}.Release|iPhone.ActiveCfg = Release|iPhone
		{D49D34DF-E4DE-41E2-B6C1-6123467AC46E}.Release|iPhone.Build.0 = Release|iPhone
		{D49D34DF-E4DE-41E2-B6C1-6123467AC46E}.Release|iPhoneSimulator.ActiveCfg = Release|iPhoneSimulator
		{D49D34DF-E4DE-41E2-B6C1-6123467AC46E}.Release|iPhoneSimulator.Build.0 = Release|iPhoneSimulator
		{D49D34DF-E4DE-41E2-B6C1-6123467AC46E}.Release|Mixed Platforms.ActiveCfg = Release|iPhone
		{D49D34DF-E4DE-41E2-B6C1-6123467AC46E}.Release|Mixed Platforms.Build.0 = Release|iPhone
		{7839FC23-FDBC-40CB-BFBB-42130C1CB428}.Ad-Hoc|Any CPU.ActiveCfg = Release|Any CPU
		{7839FC23-FDBC-40CB-BFBB-42130C1CB428}.Ad-Hoc|Any CPU.Build.0 = Release|Any CPU
		{7839FC23-FDBC-40CB-BFBB-42130C1CB428}.Ad-Hoc|Any CPU.Deploy.0 = Release|Any CPU
		{7839FC23-FDBC-40CB-BFBB-42130C1CB428}.Ad-Hoc|iPhone.ActiveCfg = Release|Any CPU
		{7839FC23-FDBC-40CB-BFBB-42130C1CB428}.Ad-Hoc|iPhoneSimulator.ActiveCfg = Release|Any CPU
		{7839FC23-FDBC-40CB-BFBB-42130C1CB428}.Ad-Hoc|Mixed Platforms.ActiveCfg = Release|Any CPU
		{7839FC23-FDBC-40CB-BFBB-42130C1CB428}.Ad-Hoc|Mixed Platforms.Build.0 = Release|Any CPU
		{7839FC23-FDBC-40CB-BFBB-42130C1CB428}.Ad-Hoc|Mixed Platforms.Deploy.0 = Release|Any CPU
		{7839FC23-FDBC-40CB-BFBB-42130C1CB428}.AppStore|Any CPU.ActiveCfg = Release|Any CPU
		{7839FC23-FDBC-40CB-BFBB-42130C1CB428}.AppStore|Any CPU.Build.0 = Release|Any CPU
		{7839FC23-FDBC-40CB-BFBB-42130C1CB428}.AppStore|Any CPU.Deploy.0 = Release|Any CPU
		{7839FC23-FDBC-40CB-BFBB-42130C1CB428}.AppStore|iPhone.ActiveCfg = Release|Any CPU
		{7839FC23-FDBC-40CB-BFBB-42130C1CB428}.AppStore|iPhoneSimulator.ActiveCfg = Release|Any CPU
		{7839FC23-FDBC-40CB-BFBB-42130C1CB428}.AppStore|Mixed Platforms.ActiveCfg = Release|Any CPU
		{7839FC23-FDBC-40CB-BFBB-42130C1CB428}.AppStore|Mixed Platforms.Build.0 = Release|Any CPU
		{7839FC23-FDBC-40CB-BFBB-42130C1CB428}.AppStore|Mixed Platforms.Deploy.0 = Release|Any CPU
		{7839FC23-FDBC-40CB-BFBB-42130C1CB428}.Debug|Any CPU.ActiveCfg = Debug|Any CPU
		{7839FC23-FDBC-40CB-BFBB-42130C1CB428}.Debug|Any CPU.Build.0 = Debug|Any CPU
		{7839FC23-FDBC-40CB-BFBB-42130C1CB428}.Debug|Any CPU.Deploy.0 = Debug|Any CPU
		{7839FC23-FDBC-40CB-BFBB-42130C1CB428}.Debug|iPhone.ActiveCfg = Debug|Any CPU
		{7839FC23-FDBC-40CB-BFBB-42130C1CB428}.Debug|iPhoneSimulator.ActiveCfg = Debug|Any CPU
		{7839FC23-FDBC-40CB-BFBB-42130C1CB428}.Debug|Mixed Platforms.ActiveCfg = Debug|Any CPU
		{7839FC23-FDBC-40CB-BFBB-42130C1CB428}.Debug|Mixed Platforms.Build.0 = Debug|Any CPU
		{7839FC23-FDBC-40CB-BFBB-42130C1CB428}.Debug|Mixed Platforms.Deploy.0 = Debug|Any CPU
		{7839FC23-FDBC-40CB-BFBB-42130C1CB428}.Release|Any CPU.ActiveCfg = Release|Any CPU
		{7839FC23-FDBC-40CB-BFBB-42130C1CB428}.Release|Any CPU.Build.0 = Release|Any CPU
		{7839FC23-FDBC-40CB-BFBB-42130C1CB428}.Release|Any CPU.Deploy.0 = Release|Any CPU
		{7839FC23-FDBC-40CB-BFBB-42130C1CB428}.Release|iPhone.ActiveCfg = Release|Any CPU
		{7839FC23-FDBC-40CB-BFBB-42130C1CB428}.Release|iPhoneSimulator.ActiveCfg = Release|Any CPU
		{7839FC23-FDBC-40CB-BFBB-42130C1CB428}.Release|Mixed Platforms.ActiveCfg = Release|Any CPU
		{7839FC23-FDBC-40CB-BFBB-42130C1CB428}.Release|Mixed Platforms.Build.0 = Release|Any CPU
		{7839FC23-FDBC-40CB-BFBB-42130C1CB428}.Release|Mixed Platforms.Deploy.0 = Release|Any CPU
		{67F9D3A8-F71E-4428-913F-C37AE82CDB24}.Ad-Hoc|Any CPU.ActiveCfg = Release|Any CPU
		{67F9D3A8-F71E-4428-913F-C37AE82CDB24}.Ad-Hoc|Any CPU.Build.0 = Release|Any CPU
		{67F9D3A8-F71E-4428-913F-C37AE82CDB24}.Ad-Hoc|iPhone.ActiveCfg = Release|Any CPU
		{67F9D3A8-F71E-4428-913F-C37AE82CDB24}.Ad-Hoc|iPhoneSimulator.ActiveCfg = Release|Any CPU
		{67F9D3A8-F71E-4428-913F-C37AE82CDB24}.Ad-Hoc|Mixed Platforms.ActiveCfg = Release|Any CPU
		{67F9D3A8-F71E-4428-913F-C37AE82CDB24}.Ad-Hoc|Mixed Platforms.Build.0 = Release|Any CPU
		{67F9D3A8-F71E-4428-913F-C37AE82CDB24}.AppStore|Any CPU.ActiveCfg = Release|Any CPU
		{67F9D3A8-F71E-4428-913F-C37AE82CDB24}.AppStore|Any CPU.Build.0 = Release|Any CPU
		{67F9D3A8-F71E-4428-913F-C37AE82CDB24}.AppStore|iPhone.ActiveCfg = Release|Any CPU
		{67F9D3A8-F71E-4428-913F-C37AE82CDB24}.AppStore|iPhoneSimulator.ActiveCfg = Release|Any CPU
		{67F9D3A8-F71E-4428-913F-C37AE82CDB24}.AppStore|Mixed Platforms.ActiveCfg = Release|Any CPU
		{67F9D3A8-F71E-4428-913F-C37AE82CDB24}.AppStore|Mixed Platforms.Build.0 = Release|Any CPU
		{67F9D3A8-F71E-4428-913F-C37AE82CDB24}.Debug|Any CPU.ActiveCfg = Debug|Any CPU
		{67F9D3A8-F71E-4428-913F-C37AE82CDB24}.Debug|Any CPU.Build.0 = Debug|Any CPU
		{67F9D3A8-F71E-4428-913F-C37AE82CDB24}.Debug|iPhone.ActiveCfg = Debug|Any CPU
		{67F9D3A8-F71E-4428-913F-C37AE82CDB24}.Debug|iPhoneSimulator.ActiveCfg = Debug|Any CPU
		{67F9D3A8-F71E-4428-913F-C37AE82CDB24}.Debug|Mixed Platforms.ActiveCfg = Debug|Any CPU
		{67F9D3A8-F71E-4428-913F-C37AE82CDB24}.Debug|Mixed Platforms.Build.0 = Debug|Any CPU
		{67F9D3A8-F71E-4428-913F-C37AE82CDB24}.Release|Any CPU.ActiveCfg = Release|Any CPU
		{67F9D3A8-F71E-4428-913F-C37AE82CDB24}.Release|Any CPU.Build.0 = Release|Any CPU
		{67F9D3A8-F71E-4428-913F-C37AE82CDB24}.Release|iPhone.ActiveCfg = Release|Any CPU
		{67F9D3A8-F71E-4428-913F-C37AE82CDB24}.Release|iPhoneSimulator.ActiveCfg = Release|Any CPU
		{67F9D3A8-F71E-4428-913F-C37AE82CDB24}.Release|Mixed Platforms.ActiveCfg = Release|Any CPU
		{67F9D3A8-F71E-4428-913F-C37AE82CDB24}.Release|Mixed Platforms.Build.0 = Release|Any CPU
		{F5E9D448-5F23-49F6-9A66-A845B29EEA90}.Ad-Hoc|Any CPU.ActiveCfg = Release|Any CPU
		{F5E9D448-5F23-49F6-9A66-A845B29EEA90}.Ad-Hoc|Any CPU.Build.0 = Release|Any CPU
		{F5E9D448-5F23-49F6-9A66-A845B29EEA90}.Ad-Hoc|iPhone.ActiveCfg = Release|Any CPU
		{F5E9D448-5F23-49F6-9A66-A845B29EEA90}.Ad-Hoc|iPhoneSimulator.ActiveCfg = Release|Any CPU
		{F5E9D448-5F23-49F6-9A66-A845B29EEA90}.Ad-Hoc|Mixed Platforms.ActiveCfg = Release|Any CPU
		{F5E9D448-5F23-49F6-9A66-A845B29EEA90}.Ad-Hoc|Mixed Platforms.Build.0 = Release|Any CPU
		{F5E9D448-5F23-49F6-9A66-A845B29EEA90}.AppStore|Any CPU.ActiveCfg = Release|Any CPU
		{F5E9D448-5F23-49F6-9A66-A845B29EEA90}.AppStore|Any CPU.Build.0 = Release|Any CPU
		{F5E9D448-5F23-49F6-9A66-A845B29EEA90}.AppStore|iPhone.ActiveCfg = Release|Any CPU
		{F5E9D448-5F23-49F6-9A66-A845B29EEA90}.AppStore|iPhoneSimulator.ActiveCfg = Release|Any CPU
		{F5E9D448-5F23-49F6-9A66-A845B29EEA90}.AppStore|Mixed Platforms.ActiveCfg = Release|Any CPU
		{F5E9D448-5F23-49F6-9A66-A845B29EEA90}.AppStore|Mixed Platforms.Build.0 = Release|Any CPU
		{F5E9D448-5F23-49F6-9A66-A845B29EEA90}.Debug|Any CPU.ActiveCfg = Debug|Any CPU
		{F5E9D448-5F23-49F6-9A66-A845B29EEA90}.Debug|Any CPU.Build.0 = Debug|Any CPU
		{F5E9D448-5F23-49F6-9A66-A845B29EEA90}.Debug|iPhone.ActiveCfg = Debug|Any CPU
		{F5E9D448-5F23-49F6-9A66-A845B29EEA90}.Debug|iPhoneSimulator.ActiveCfg = Debug|Any CPU
		{F5E9D448-5F23-49F6-9A66-A845B29EEA90}.Debug|Mixed Platforms.ActiveCfg = Debug|Any CPU
		{F5E9D448-5F23-49F6-9A66-A845B29EEA90}.Debug|Mixed Platforms.Build.0 = Debug|Any CPU
		{F5E9D448-5F23-49F6-9A66-A845B29EEA90}.Release|Any CPU.ActiveCfg = Release|Any CPU
		{F5E9D448-5F23-49F6-9A66-A845B29EEA90}.Release|Any CPU.Build.0 = Release|Any CPU
		{F5E9D448-5F23-49F6-9A66-A845B29EEA90}.Release|iPhone.ActiveCfg = Release|Any CPU
		{F5E9D448-5F23-49F6-9A66-A845B29EEA90}.Release|iPhoneSimulator.ActiveCfg = Release|Any CPU
		{F5E9D448-5F23-49F6-9A66-A845B29EEA90}.Release|Mixed Platforms.ActiveCfg = Release|Any CPU
		{F5E9D448-5F23-49F6-9A66-A845B29EEA90}.Release|Mixed Platforms.Build.0 = Release|Any CPU
	EndGlobalSection
	GlobalSection(SolutionProperties) = preSolution
		HideSolutionNode = FALSE
	EndGlobalSection
EndGlobal
